
Microsoft Visual Studio Solution File, Format Version 12.00
# Visual Studio Version 16
VisualStudioVersion = 16.0.31515.178
MinimumVisualStudioVersion = 10.0.40219.1
Project("{888888A0-9F3D-457C-B088-3A5042F75D52}") = "dream_scape", "dream_scape\dream_scape.pyproj", "{38B86793-FDFB-4447-B396-4F28E21325E2}"
EndProject
Global
	GlobalSection(SolutionConfigurationPlatforms) = preSolution
		Debug|Any CPU = Debug|Any CPU
		Release|Any CPU = Release|Any CPU
	EndGlobalSection
	GlobalSection(ProjectConfigurationPlatforms) = postSolution
		{38B86793-FDFB-4447-B396-4F28E21325E2}.Debug|Any CPU.ActiveCfg = Debug|Any CPU
		{38B86793-FDFB-4447-B396-4F28E21325E2}.Release|Any CPU.ActiveCfg = Release|Any CPU
	EndGlobalSection
	GlobalSection(SolutionProperties) = preSolution
		HideSolutionNode = FALSE
	EndGlobalSection
	GlobalSection(ExtensibilityGlobals) = postSolution
		SolutionGuid = {935F0132-9AD9-4039-8E1E-A1704F4D1B8A}
	EndGlobalSection
EndGlobal
